
Microsoft Visual Studio Solution File, Format Version 12.00
# Visual Studio Version 16
VisualStudioVersion = 16.0.32413.511
MinimumVisualStudioVersion = 10.0.40219.1
Project("{FAE04EC0-301F-11D3-BF4B-00C04F79EFBC}") = "ENEL481 Transformer Design", "ENEL481 Transformer Design.csproj", "{1F5A0AB6-BCBF-40F0-B3EE-D7CB94022B0B}"
EndProject
Global
	GlobalSection(SolutionConfigurationPlatforms) = preSolution
		Debug|Any CPU = Debug|Any CPU
		Release|Any CPU = Release|Any CPU
	EndGlobalSection
	GlobalSection(ProjectConfigurationPlatforms) = postSolution
		{1F5A0AB6-BCBF-40F0-B3EE-D7CB94022B0B}.Debug|Any CPU.ActiveCfg = Debug|Any CPU
		{1F5A0AB6-BCBF-40F0-B3EE-D7CB94022B0B}.Debug|Any CPU.Build.0 = Debug|Any CPU
		{1F5A0AB6-BCBF-40F0-B3EE-D7CB94022B0B}.Release|Any CPU.ActiveCfg = Release|Any CPU
		{1F5A0AB6-BCBF-40F0-B3EE-D7CB94022B0B}.Release|Any CPU.Build.0 = Release|Any CPU
	EndGlobalSection
	GlobalSection(SolutionProperties) = preSolution
		HideSolutionNode = FALSE
	EndGlobalSection
	GlobalSection(ExtensibilityGlobals) = postSolution
		SolutionGuid = {A43898D8-0D4D-44AD-83BF-98FE75A64389}
	EndGlobalSection
EndGlobal
